{"1.1.0",
[{<<"cowboy">>,
  {git,"git://github.com/extend/cowboy",
       {ref,"3d9078018d7f0a83a359b70c698d35e35fbb94f9"}},
  1},
 {<<"cowlib">>,
  {git,"git://github.com/ninenines/cowlib.git",
       {ref,"d544a494af4dbc810fc9c15eaf5cc050cced1501"}},
  2},
 {<<"erlydtl">>,{pkg,<<"erlydtl">>,<<"0.12.1">>},0},
 {<<"express_deploy_db">>,
  {git,"git://github.com/fxmy/express_deploy_db.git",
       {ref,"977c2f9a149a4120e4e55fd08f9a28c24c22919f"}},
  0},
 {<<"goldrush">>,{pkg,<<"goldrush">>,<<"0.1.8">>},3},
 {<<"gproc">>,
  {git,"git://github.com/uwiger/gproc.git",
       {ref,"e0122ae1e88e7922534341e43f3726bd48154106"}},
  1},
 {<<"jsone">>,
  {git,"git://github.com/sile/jsone.git",
       {ref,"20076d0d7267a593e03d538d14f52fb2c6149609"}},
  1},
 {<<"lager">>,{pkg,<<"lager">>,<<"3.2.1">>},2},
 {<<"n2o">>,
  {git,"git://github.com/synrc/n2o.git",
       {ref,"909d8bd90bbc432e6f3ae60dd20d9616185a7ef6"}},
  0},
 {<<"nitro">>,
  {git,"git://github.com/synrc/nitro.git",
       {ref,"e09cdb8b3ac68270ec73df06548148a0f94df6b9"}},
  1},
 {<<"quickrand">>,{pkg,<<"quickrand">>,<<"1.5.4">>},3},
 {<<"ranch">>,
  {git,"git://github.com/ninenines/ranch.git",
       {ref,"adf1822defc2b7cfdc7aca112adabfa1d614043c"}},
  2},
 {<<"sumo_db">>,{pkg,<<"sumo_db">>,<<"0.7.1">>},1},
 {<<"uuid">>,{pkg,<<"uuid_erl">>,<<"1.5.2-rc1">>},2},
 {<<"worker_pool">>,{pkg,<<"worker_pool">>,<<"2.0.1">>},2}]}.
[
{pkg_hash,[
 {<<"erlydtl">>, <<"3FDE3190D30340B10CFCFDB4135A828761D468DB4E4B34817C6B91D295F3142D">>},
 {<<"goldrush">>, <<"2024BA375CEEA47E27EA70E14D2C483B2D8610101B4E852EF7F89163CDB6E649">>},
 {<<"lager">>, <<"EEF4E18B39E4195D37606D9088EA05BF1B745986CF8EC84F01D332456FE88D17">>},
 {<<"quickrand">>, <<"47ADD4755CC5F209CBEFFD6F47C84061196CD7FAD99FD8FD12418EB0D06B939D">>},
 {<<"sumo_db">>, <<"443587FEEE9E6532172039B9C44B38829CB06225ECD10EE05B62CFF14FF570BD">>},
 {<<"uuid">>, <<"D4022AB3F4F1A28E86EA15D4075CB0C57EC908D8AF1CA2E8AF28AA815EF93C3A">>},
 {<<"worker_pool">>, <<"B90273074898FA89434317991E00884DBBAFFAB5BFD964A7586317CD16FB18D4">>}]}
].
